
Microsoft Visual Studio Solution File, Format Version 12.00
# Visual Studio 15
Project("{FAE04EC0-301F-11D3-BF4B-00C04F79EFBC}") = "Assembly-CSharp", "Assembly-CSharp.csproj", "{DD7EF003-267F-727C-E1D7-1DC4BFCBD301}"
EndProject
Global
	GlobalSection(SolutionConfigurationPlatforms) = preSolution
		Debug|Any CPU = Debug|Any CPU
		Release|Any CPU = Release|Any CPU
	EndGlobalSection
	GlobalSection(ProjectConfigurationPlatforms) = postSolution
		{DD7EF003-267F-727C-E1D7-1DC4BFCBD301}.Debug|Any CPU.ActiveCfg = Debug|Any CPU
		{DD7EF003-267F-727C-E1D7-1DC4BFCBD301}.Debug|Any CPU.Build.0 = Debug|Any CPU
		{DD7EF003-267F-727C-E1D7-1DC4BFCBD301}.Release|Any CPU.ActiveCfg = Release|Any CPU
		{DD7EF003-267F-727C-E1D7-1DC4BFCBD301}.Release|Any CPU.Build.0 = Release|Any CPU
	EndGlobalSection
	GlobalSection(SolutionProperties) = preSolution
		HideSolutionNode = FALSE
	EndGlobalSection
EndGlobal
